
Microsoft Visual Studio Solution File, Format Version 12.00
# Visual Studio 14
VisualStudioVersion = 14.0.25123.0
MinimumVisualStudioVersion = 10.0.40219.1
Project("{8BC9CEB8-8B4A-11D0-8D11-00A0C91BC942}") = "AIEMathsLibrary", "AIEMathsLibrary\AIEMathsLibrary.vcxproj", "{7AC66BA4-5A65-4CD0-8849-A78740E7CFAA}"
EndProject
Project("{8BC9CEB8-8B4A-11D0-8D11-00A0C91BC942}") = "AIEUnitTest", "AIEUnitTest\AIEUnitTest.vcxproj", "{7B23CDD3-F1BC-4734-9401-580869E46AD6}"
EndProject
Global
	GlobalSection(SolutionConfigurationPlatforms) = preSolution
		Debug|x64 = Debug|x64
		Debug|x86 = Debug|x86
		DLL_DEBUG|x64 = DLL_DEBUG|x64
		DLL_DEBUG|x86 = DLL_DEBUG|x86
		DLL|x64 = DLL|x64
		DLL|x86 = DLL|x86
		Lib_DEBUG|x64 = Lib_DEBUG|x64
		Lib_DEBUG|x86 = Lib_DEBUG|x86
		Lib|x64 = Lib|x64
		Lib|x86 = Lib|x86
		Release|x64 = Release|x64
		Release|x86 = Release|x86
	EndGlobalSection
	GlobalSection(ProjectConfigurationPlatforms) = postSolution
		{7AC66BA4-5A65-4CD0-8849-A78740E7CFAA}.Debug|x64.ActiveCfg = Debug|x64
		{7AC66BA4-5A65-4CD0-8849-A78740E7CFAA}.Debug|x64.Build.0 = Debug|x64
		{7AC66BA4-5A65-4CD0-8849-A78740E7CFAA}.Debug|x86.ActiveCfg = Debug|Win32
		{7AC66BA4-5A65-4CD0-8849-A78740E7CFAA}.Debug|x86.Build.0 = Debug|Win32
		{7AC66BA4-5A65-4CD0-8849-A78740E7CFAA}.DLL_DEBUG|x64.ActiveCfg = DLL_DEBUG|x64
		{7AC66BA4-5A65-4CD0-8849-A78740E7CFAA}.DLL_DEBUG|x64.Build.0 = DLL_DEBUG|x64
		{7AC66BA4-5A65-4CD0-8849-A78740E7CFAA}.DLL_DEBUG|x86.ActiveCfg = DLL_DEBUG|Win32
		{7AC66BA4-5A65-4CD0-8849-A78740E7CFAA}.DLL_DEBUG|x86.Build.0 = DLL_DEBUG|Win32
		{7AC66BA4-5A65-4CD0-8849-A78740E7CFAA}.DLL|x64.ActiveCfg = DLL|x64
		{7AC66BA4-5A65-4CD0-8849-A78740E7CFAA}.DLL|x64.Build.0 = DLL|x64
		{7AC66BA4-5A65-4CD0-8849-A78740E7CFAA}.DLL|x86.ActiveCfg = DLL|Win32
		{7AC66BA4-5A65-4CD0-8849-A78740E7CFAA}.DLL|x86.Build.0 = DLL|Win32
		{7AC66BA4-5A65-4CD0-8849-A78740E7CFAA}.Lib_DEBUG|x64.ActiveCfg = Lib_DEBUG|x64
		{7AC66BA4-5A65-4CD0-8849-A78740E7CFAA}.Lib_DEBUG|x64.Build.0 = Lib_DEBUG|x64
		{7AC66BA4-5A65-4CD0-8849-A78740E7CFAA}.Lib_DEBUG|x86.ActiveCfg = Lib_DEBUG|Win32
		{7AC66BA4-5A65-4CD0-8849-A78740E7CFAA}.Lib_DEBUG|x86.Build.0 = Lib_DEBUG|Win32
		{7AC66BA4-5A65-4CD0-8849-A78740E7CFAA}.Lib|x64.ActiveCfg = Lib|x64
		{7AC66BA4-5A65-4CD0-8849-A78740E7CFAA}.Lib|x64.Build.0 = Lib|x64
		{7AC66BA4-5A65-4CD0-8849-A78740E7CFAA}.Lib|x86.ActiveCfg = Lib|Win32
		{7AC66BA4-5A65-4CD0-8849-A78740E7CFAA}.Lib|x86.Build.0 = Lib|Win32
		{7AC66BA4-5A65-4CD0-8849-A78740E7CFAA}.Release|x64.ActiveCfg = Release|x64
		{7AC66BA4-5A65-4CD0-8849-A78740E7CFAA}.Release|x64.Build.0 = Release|x64
		{7AC66BA4-5A65-4CD0-8849-A78740E7CFAA}.Release|x86.ActiveCfg = Release|Win32
		{7AC66BA4-5A65-4CD0-8849-A78740E7CFAA}.Release|x86.Build.0 = Release|Win32
		{7B23CDD3-F1BC-4734-9401-580869E46AD6}.Debug|x64.ActiveCfg = Debug|x64
		{7B23CDD3-F1BC-4734-9401-580869E46AD6}.Debug|x64.Build.0 = Debug|x64
		{7B23CDD3-F1BC-4734-9401-580869E46AD6}.Debug|x86.ActiveCfg = Debug|Win32
		{7B23CDD3-F1BC-4734-9401-580869E46AD6}.Debug|x86.Build.0 = Debug|Win32
		{7B23CDD3-F1BC-4734-9401-580869E46AD6}.DLL_DEBUG|x64.ActiveCfg = DLL_DEBUG|x64
		{7B23CDD3-F1BC-4734-9401-580869E46AD6}.DLL_DEBUG|x64.Build.0 = DLL_DEBUG|x64
		{7B23CDD3-F1BC-4734-9401-580869E46AD6}.DLL_DEBUG|x86.ActiveCfg = Debug|Win32
		{7B23CDD3-F1BC-4734-9401-580869E46AD6}.DLL_DEBUG|x86.Build.0 = Debug|Win32
		{7B23CDD3-F1BC-4734-9401-580869E46AD6}.DLL|x64.ActiveCfg = DLL|x64
		{7B23CDD3-F1BC-4734-9401-580869E46AD6}.DLL|x64.Build.0 = DLL|x64
		{7B23CDD3-F1BC-4734-9401-580869E46AD6}.DLL|x86.ActiveCfg = Debug|Win32
		{7B23CDD3-F1BC-4734-9401-580869E46AD6}.DLL|x86.Build.0 = Debug|Win32
		{7B23CDD3-F1BC-4734-9401-580869E46AD6}.Lib_DEBUG|x64.ActiveCfg = Lib_DEBUG|x64
		{7B23CDD3-F1BC-4734-9401-580869E46AD6}.Lib_DEBUG|x64.Build.0 = Lib_DEBUG|x64
		{7B23CDD3-F1BC-4734-9401-580869E46AD6}.Lib_DEBUG|x86.ActiveCfg = Release|Win32
		{7B23CDD3-F1BC-4734-9401-580869E46AD6}.Lib_DEBUG|x86.Build.0 = Release|Win32
		{7B23CDD3-F1BC-4734-9401-580869E46AD6}.Lib|x64.ActiveCfg = Lib|x64
		{7B23CDD3-F1BC-4734-9401-580869E46AD6}.Lib|x64.Build.0 = Lib|x64
		{7B23CDD3-F1BC-4734-9401-580869E46AD6}.Lib|x86.ActiveCfg = Lib|Win32
		{7B23CDD3-F1BC-4734-9401-580869E46AD6}.Lib|x86.Build.0 = Lib|Win32
		{7B23CDD3-F1BC-4734-9401-580869E46AD6}.Release|x64.ActiveCfg = Release|x64
		{7B23CDD3-F1BC-4734-9401-580869E46AD6}.Release|x64.Build.0 = Release|x64
		{7B23CDD3-F1BC-4734-9401-580869E46AD6}.Release|x86.ActiveCfg = Release|Win32
		{7B23CDD3-F1BC-4734-9401-580869E46AD6}.Release|x86.Build.0 = Release|Win32
	EndGlobalSection
	GlobalSection(SolutionProperties) = preSolution
		HideSolutionNode = FALSE
	EndGlobalSection
EndGlobal
