
Microsoft Visual Studio Solution File, Format Version 12.00
# Visual Studio 14
VisualStudioVersion = 14.0.25123.0
MinimumVisualStudioVersion = 10.0.40219.1
Project("{8BC9CEB8-8B4A-11D0-8D11-00A0C91BC942}") = "MathsDemonstration", "MathsDemonstration\MathsDemonstration.vcxproj", "{0776F1CB-651A-48B3-A1B6-243B161A6833}"
	ProjectSection(ProjectDependencies) = postProject
		{5554DFEF-50A5-4872-A292-4D307503F708} = {5554DFEF-50A5-4872-A292-4D307503F708}
	EndProjectSection
EndProject
Project("{8BC9CEB8-8B4A-11D0-8D11-00A0C91BC942}") = "MathsLibrary", "MathsLibrary\MathsLibrary.vcxproj", "{5554DFEF-50A5-4872-A292-4D307503F708}"
EndProject
Project("{8BC9CEB8-8B4A-11D0-8D11-00A0C91BC942}") = "UnitTest", "UnitTest\UnitTest.vcxproj", "{02425FB5-E15F-4B7D-84FC-DA0B04920551}"
	ProjectSection(ProjectDependencies) = postProject
		{5554DFEF-50A5-4872-A292-4D307503F708} = {5554DFEF-50A5-4872-A292-4D307503F708}
	EndProjectSection
EndProject
Global
	GlobalSection(SolutionConfigurationPlatforms) = preSolution
		DLLDebug|x64 = DLLDebug|x64
		DLLDebug|x86 = DLLDebug|x86
		DLLRelease|x64 = DLLRelease|x64
		DLLRelease|x86 = DLLRelease|x86
		StaticDebug|x64 = StaticDebug|x64
		StaticDebug|x86 = StaticDebug|x86
		StaticRelease|x64 = StaticRelease|x64
		StaticRelease|x86 = StaticRelease|x86
	EndGlobalSection
	GlobalSection(ProjectConfigurationPlatforms) = postSolution
		{0776F1CB-651A-48B3-A1B6-243B161A6833}.DLLDebug|x64.ActiveCfg = DLLDebug|x64
		{0776F1CB-651A-48B3-A1B6-243B161A6833}.DLLDebug|x64.Build.0 = DLLDebug|x64
		{0776F1CB-651A-48B3-A1B6-243B161A6833}.DLLDebug|x86.ActiveCfg = DLLDebug|Win32
		{0776F1CB-651A-48B3-A1B6-243B161A6833}.DLLDebug|x86.Build.0 = DLLDebug|Win32
		{0776F1CB-651A-48B3-A1B6-243B161A6833}.DLLRelease|x64.ActiveCfg = Release|x64
		{0776F1CB-651A-48B3-A1B6-243B161A6833}.DLLRelease|x64.Build.0 = Release|x64
		{0776F1CB-651A-48B3-A1B6-243B161A6833}.DLLRelease|x86.ActiveCfg = Release|Win32
		{0776F1CB-651A-48B3-A1B6-243B161A6833}.DLLRelease|x86.Build.0 = Release|Win32
		{0776F1CB-651A-48B3-A1B6-243B161A6833}.StaticDebug|x64.ActiveCfg = Debug|x64
		{0776F1CB-651A-48B3-A1B6-243B161A6833}.StaticDebug|x64.Build.0 = Debug|x64
		{0776F1CB-651A-48B3-A1B6-243B161A6833}.StaticDebug|x86.ActiveCfg = Debug|Win32
		{0776F1CB-651A-48B3-A1B6-243B161A6833}.StaticDebug|x86.Build.0 = Debug|Win32
		{0776F1CB-651A-48B3-A1B6-243B161A6833}.StaticRelease|x64.ActiveCfg = Release|x64
		{0776F1CB-651A-48B3-A1B6-243B161A6833}.StaticRelease|x64.Build.0 = Release|x64
		{0776F1CB-651A-48B3-A1B6-243B161A6833}.StaticRelease|x86.ActiveCfg = Release|Win32
		{0776F1CB-651A-48B3-A1B6-243B161A6833}.StaticRelease|x86.Build.0 = Release|Win32
		{5554DFEF-50A5-4872-A292-4D307503F708}.DLLDebug|x64.ActiveCfg = DLLDebug|x64
		{5554DFEF-50A5-4872-A292-4D307503F708}.DLLDebug|x64.Build.0 = DLLDebug|x64
		{5554DFEF-50A5-4872-A292-4D307503F708}.DLLDebug|x86.ActiveCfg = DLLDebug|Win32
		{5554DFEF-50A5-4872-A292-4D307503F708}.DLLDebug|x86.Build.0 = DLLDebug|Win32
		{5554DFEF-50A5-4872-A292-4D307503F708}.DLLRelease|x64.ActiveCfg = Release|x64
		{5554DFEF-50A5-4872-A292-4D307503F708}.DLLRelease|x64.Build.0 = Release|x64
		{5554DFEF-50A5-4872-A292-4D307503F708}.DLLRelease|x86.ActiveCfg = Release|Win32
		{5554DFEF-50A5-4872-A292-4D307503F708}.DLLRelease|x86.Build.0 = Release|Win32
		{5554DFEF-50A5-4872-A292-4D307503F708}.StaticDebug|x64.ActiveCfg = Debug|x64
		{5554DFEF-50A5-4872-A292-4D307503F708}.StaticDebug|x64.Build.0 = Debug|x64
		{5554DFEF-50A5-4872-A292-4D307503F708}.StaticDebug|x86.ActiveCfg = Debug|Win32
		{5554DFEF-50A5-4872-A292-4D307503F708}.StaticDebug|x86.Build.0 = Debug|Win32
		{5554DFEF-50A5-4872-A292-4D307503F708}.StaticRelease|x64.ActiveCfg = Release|x64
		{5554DFEF-50A5-4872-A292-4D307503F708}.StaticRelease|x64.Build.0 = Release|x64
		{5554DFEF-50A5-4872-A292-4D307503F708}.StaticRelease|x86.ActiveCfg = Release|Win32
		{5554DFEF-50A5-4872-A292-4D307503F708}.StaticRelease|x86.Build.0 = Release|Win32
		{02425FB5-E15F-4B7D-84FC-DA0B04920551}.DLLDebug|x64.ActiveCfg = DLLDebug|x64
		{02425FB5-E15F-4B7D-84FC-DA0B04920551}.DLLDebug|x64.Build.0 = DLLDebug|x64
		{02425FB5-E15F-4B7D-84FC-DA0B04920551}.DLLDebug|x86.ActiveCfg = DLLDebug|Win32
		{02425FB5-E15F-4B7D-84FC-DA0B04920551}.DLLDebug|x86.Build.0 = DLLDebug|Win32
		{02425FB5-E15F-4B7D-84FC-DA0B04920551}.DLLRelease|x64.ActiveCfg = Release|x64
		{02425FB5-E15F-4B7D-84FC-DA0B04920551}.DLLRelease|x64.Build.0 = Release|x64
		{02425FB5-E15F-4B7D-84FC-DA0B04920551}.DLLRelease|x86.ActiveCfg = Release|Win32
		{02425FB5-E15F-4B7D-84FC-DA0B04920551}.DLLRelease|x86.Build.0 = Release|Win32
		{02425FB5-E15F-4B7D-84FC-DA0B04920551}.StaticDebug|x64.ActiveCfg = Debug|x64
		{02425FB5-E15F-4B7D-84FC-DA0B04920551}.StaticDebug|x64.Build.0 = Debug|x64
		{02425FB5-E15F-4B7D-84FC-DA0B04920551}.StaticDebug|x86.ActiveCfg = Debug|Win32
		{02425FB5-E15F-4B7D-84FC-DA0B04920551}.StaticDebug|x86.Build.0 = Debug|Win32
		{02425FB5-E15F-4B7D-84FC-DA0B04920551}.StaticRelease|x64.ActiveCfg = Release|x64
		{02425FB5-E15F-4B7D-84FC-DA0B04920551}.StaticRelease|x64.Build.0 = Release|x64
		{02425FB5-E15F-4B7D-84FC-DA0B04920551}.StaticRelease|x86.ActiveCfg = Release|Win32
		{02425FB5-E15F-4B7D-84FC-DA0B04920551}.StaticRelease|x86.Build.0 = Release|Win32
	EndGlobalSection
	GlobalSection(SolutionProperties) = preSolution
		HideSolutionNode = FALSE
	EndGlobalSection
EndGlobal
